// !$*UTF8*$!
{
	archiveVersion = 1;
	classes = {
	};
	objectVersion = 46;
	objects = {

/* Begin PBXBuildFile section */
		623AD4741A74D67900678EFF /* Images.xcassets in Resources */ = {isa = PBXBuildFile; fileRef = 623AD4731A74D67900678EFF /* Images.xcassets */; };
		623AD4831A74D67900678EFF /* TwitterLivestreamSwiftTests.swift in Sources */ = {isa = PBXBuildFile; fileRef = 623AD4821A74D67900678EFF /* TwitterLivestreamSwiftTests.swift */; };
		623AD5E71A75404B00678EFF /* AppDelegate.swift in Sources */ = {isa = PBXBuildFile; fileRef = 623AD46C1A74D67900678EFF /* AppDelegate.swift */; };
		623AD5E81A75404B00678EFF /* ViewController.swift in Sources */ = {isa = PBXBuildFile; fileRef = 623AD46E1A74D67900678EFF /* ViewController.swift */; };
		623AD60F1A7540EB00678EFF /* Main.storyboard in Resources */ = {isa = PBXBuildFile; fileRef = 623AD4701A74D67900678EFF /* Main.storyboard */; };
		623AD6101A7540F000678EFF /* LaunchScreen.xib in Resources */ = {isa = PBXBuildFile; fileRef = 623AD4751A74D67900678EFF /* LaunchScreen.xib */; };
		6274B2A41A7542170010BC8A /* Tweet.swift in Sources */ = {isa = PBXBuildFile; fileRef = 6274B2A31A7542170010BC8A /* Tweet.swift */; };
		6274B2A61A76A16B0010BC8A /* User.swift in Sources */ = {isa = PBXBuildFile; fileRef = 6274B2A51A76A16B0010BC8A /* User.swift */; };
		6274B2A91A76A41B0010BC8A /* TweetTableViewCell.swift in Sources */ = {isa = PBXBuildFile; fileRef = 6274B2A81A76A41B0010BC8A /* TweetTableViewCell.swift */; };
		6274B2BA1A76CCEC0010BC8A /* TwitterClient.swift in Sources */ = {isa = PBXBuildFile; fileRef = 6274B2B91A76CCEC0010BC8A /* TwitterClient.swift */; };
		6274B2BC1A76CCF90010BC8A /* ImageDownload.swift in Sources */ = {isa = PBXBuildFile; fileRef = 6274B2BB1A76CCF90010BC8A /* ImageDownload.swift */; };
		6274B2BE1A7701F30010BC8A /* TweetFilters.swift in Sources */ = {isa = PBXBuildFile; fileRef = 6274B2BD1A7701F30010BC8A /* TweetFilters.swift */; };
		62A07D421B1E9C69001F6916 /* SwifteriOS.framework in Embed Frameworks */ = {isa = PBXBuildFile; fileRef = 62A07D3A1B1E9C5D001F6916 /* SwifteriOS.framework */; settings = {ATTRIBUTES = (CodeSignOnCopy, RemoveHeadersOnCopy, ); }; };
		62A07D491B1E9DC3001F6916 /* OMGHTTPURLRQ.framework in Frameworks */ = {isa = PBXBuildFile; fileRef = 62A07D461B1E9DC3001F6916 /* OMGHTTPURLRQ.framework */; };
		62A07D4B1B1EC4B6001F6916 /* PromiseKit.framework in Frameworks */ = {isa = PBXBuildFile; fileRef = 62A07D471B1E9DC3001F6916 /* PromiseKit.framework */; };
		62A07D4C1B1EC4B6001F6916 /* PromiseKit.framework in Embed Frameworks */ = {isa = PBXBuildFile; fileRef = 62A07D471B1E9DC3001F6916 /* PromiseKit.framework */; settings = {ATTRIBUTES = (CodeSignOnCopy, RemoveHeadersOnCopy, ); }; };
		62A07D4D1B1EC4C1001F6916 /* Alamofire.framework in Frameworks */ = {isa = PBXBuildFile; fileRef = 62A07D451B1E9DC3001F6916 /* Alamofire.framework */; };
		62A07D4E1B1EC4C1001F6916 /* Alamofire.framework in Embed Frameworks */ = {isa = PBXBuildFile; fileRef = 62A07D451B1E9DC3001F6916 /* Alamofire.framework */; settings = {ATTRIBUTES = (CodeSignOnCopy, RemoveHeadersOnCopy, ); }; };
		62A07D501B1EC4DC001F6916 /* OMGHTTPURLRQ.framework in Embed Frameworks */ = {isa = PBXBuildFile; fileRef = 62A07D461B1E9DC3001F6916 /* OMGHTTPURLRQ.framework */; settings = {ATTRIBUTES = (CodeSignOnCopy, RemoveHeadersOnCopy, ); }; };
		62D4385B1B1FFE0900B29312 /* TwitterKeys.plist in Resources */ = {isa = PBXBuildFile; fileRef = 62D4385A1B1FFE0900B29312 /* TwitterKeys.plist */; };
		62D438611B200A8500B29312 /* TwitterMetrics.swift in Sources */ = {isa = PBXBuildFile; fileRef = 62D438601B200A8500B29312 /* TwitterMetrics.swift */; };
/* End PBXBuildFile section */

/* Begin PBXContainerItemProxy section */
		623AD47D1A74D67900678EFF /* PBXContainerItemProxy */ = {
			isa = PBXContainerItemProxy;
			containerPortal = 623AD45F1A74D67900678EFF /* Project object */;
			proxyType = 1;
			remoteGlobalIDString = 623AD4661A74D67900678EFF;
			remoteInfo = TwitterLivestreamSwift;
		};
		62A07D371B1E9C5D001F6916 /* PBXContainerItemProxy */ = {
			isa = PBXContainerItemProxy;
			containerPortal = 62A07D2F1B1E9C5C001F6916 /* Swifter.xcodeproj */;
			proxyType = 2;
			remoteGlobalIDString = 8B300C1F1944AA1A00993175;
			remoteInfo = SwifterDemoiOS;
		};
		62A07D391B1E9C5D001F6916 /* PBXContainerItemProxy */ = {
			isa = PBXContainerItemProxy;
			containerPortal = 62A07D2F1B1E9C5C001F6916 /* Swifter.xcodeproj */;
			proxyType = 2;
			remoteGlobalIDString = 8B9F50EE1944A5AB00894629;
			remoteInfo = SwifteriOS;
		};
		62A07D3B1B1E9C5D001F6916 /* PBXContainerItemProxy */ = {
			isa = PBXContainerItemProxy;
			containerPortal = 62A07D2F1B1E9C5C001F6916 /* Swifter.xcodeproj */;
			proxyType = 2;
			remoteGlobalIDString = 8B9F51131944A61D00894629;
			remoteInfo = SwifterMac;
		};
		62A07D3D1B1E9C5D001F6916 /* PBXContainerItemProxy */ = {
			isa = PBXContainerItemProxy;
			containerPortal = 62A07D2F1B1E9C5C001F6916 /* Swifter.xcodeproj */;
			proxyType = 2;
			remoteGlobalIDString = 8B300C471944AECB00993175;
			remoteInfo = SwifterDemoMac;
		};
		62A07D3F1B1E9C5D001F6916 /* PBXContainerItemProxy */ = {
			isa = PBXContainerItemProxy;
			containerPortal = 62A07D2F1B1E9C5C001F6916 /* Swifter.xcodeproj */;
			proxyType = 2;
			remoteGlobalIDString = 8B300C5A1944AECB00993175;
			remoteInfo = SwifterDemoMacTests;
		};
		62A07D431B1E9C69001F6916 /* PBXContainerItemProxy */ = {
			isa = PBXContainerItemProxy;
			containerPortal = 62A07D2F1B1E9C5C001F6916 /* Swifter.xcodeproj */;
			proxyType = 1;
			remoteGlobalIDString = 8B9F50ED1944A5AB00894629;
			remoteInfo = SwifteriOS;
		};
/* End PBXContainerItemProxy section */

/* Begin PBXCopyFilesBuildPhase section */
		623AD4A31A74DD2500678EFF /* Embed Frameworks */ = {
			isa = PBXCopyFilesBuildPhase;
			buildActionMask = 2147483647;
			dstPath = "";
			dstSubfolderSpec = 10;
			files = (
				62A07D421B1E9C69001F6916 /* SwifteriOS.framework in Embed Frameworks */,
				62A07D4E1B1EC4C1001F6916 /* Alamofire.framework in Embed Frameworks */,
				62A07D4C1B1EC4B6001F6916 /* PromiseKit.framework in Embed Frameworks */,
				62A07D501B1EC4DC001F6916 /* OMGHTTPURLRQ.framework in Embed Frameworks */,
			);
			name = "Embed Frameworks";
			runOnlyForDeploymentPostprocessing = 0;
		};
/* End PBXCopyFilesBuildPhase section */

/* Begin PBXFileReference section */
		623AD4671A74D67900678EFF /* TwitterLivestreamSwift.app */ = {isa = PBXFileReference; explicitFileType = wrapper.application; includeInIndex = 0; path = TwitterLivestreamSwift.app; sourceTree = BUILT_PRODUCTS_DIR; };
		623AD46B1A74D67900678EFF /* Info.plist */ = {isa = PBXFileReference; lastKnownFileType = text.plist.xml; path = Info.plist; sourceTree = "<group>"; };
		623AD46C1A74D67900678EFF /* AppDelegate.swift */ = {isa = PBXFileReference; lastKnownFileType = sourcecode.swift; path = AppDelegate.swift; sourceTree = "<group>"; };
		623AD46E1A74D67900678EFF /* ViewController.swift */ = {isa = PBXFileReference; lastKnownFileType = sourcecode.swift; path = ViewController.swift; sourceTree = "<group>"; };
		623AD4711A74D67900678EFF /* Base */ = {isa = PBXFileReference; lastKnownFileType = file.storyboard; name = Base; path = Base.lproj/Main.storyboard; sourceTree = "<group>"; };
		623AD4731A74D67900678EFF /* Images.xcassets */ = {isa = PBXFileReference; lastKnownFileType = folder.assetcatalog; path = Images.xcassets; sourceTree = "<group>"; };
		623AD4761A74D67900678EFF /* Base */ = {isa = PBXFileReference; lastKnownFileType = file.xib; name = Base; path = Base.lproj/LaunchScreen.xib; sourceTree = "<group>"; };
		623AD47C1A74D67900678EFF /* TwitterLivestreamSwiftTests.xctest */ = {isa = PBXFileReference; explicitFileType = wrapper.cfbundle; includeInIndex = 0; path = TwitterLivestreamSwiftTests.xctest; sourceTree = BUILT_PRODUCTS_DIR; };
		623AD4811A74D67900678EFF /* Info.plist */ = {isa = PBXFileReference; lastKnownFileType = text.plist.xml; path = Info.plist; sourceTree = "<group>"; };
		623AD4821A74D67900678EFF /* TwitterLivestreamSwiftTests.swift */ = {isa = PBXFileReference; lastKnownFileType = sourcecode.swift; path = TwitterLivestreamSwiftTests.swift; sourceTree = "<group>"; };
		6274B2A31A7542170010BC8A /* Tweet.swift */ = {isa = PBXFileReference; fileEncoding = 4; lastKnownFileType = sourcecode.swift; name = Tweet.swift; path = ../Tweet.swift; sourceTree = "<group>"; };
		6274B2A51A76A16B0010BC8A /* User.swift */ = {isa = PBXFileReference; fileEncoding = 4; lastKnownFileType = sourcecode.swift; path = User.swift; sourceTree = "<group>"; };
		6274B2A81A76A41B0010BC8A /* TweetTableViewCell.swift */ = {isa = PBXFileReference; fileEncoding = 4; lastKnownFileType = sourcecode.swift; path = TweetTableViewCell.swift; sourceTree = "<group>"; };
		6274B2B91A76CCEC0010BC8A /* TwitterClient.swift */ = {isa = PBXFileReference; fileEncoding = 4; lastKnownFileType = sourcecode.swift; path = TwitterClient.swift; sourceTree = "<group>"; };
		6274B2BB1A76CCF90010BC8A /* ImageDownload.swift */ = {isa = PBXFileReference; fileEncoding = 4; lastKnownFileType = sourcecode.swift; path = ImageDownload.swift; sourceTree = "<group>"; };
		6274B2BD1A7701F30010BC8A /* TweetFilters.swift */ = {isa = PBXFileReference; fileEncoding = 4; lastKnownFileType = sourcecode.swift; path = TweetFilters.swift; sourceTree = "<group>"; };
		62A07D2F1B1E9C5C001F6916 /* Swifter.xcodeproj */ = {isa = PBXFileReference; lastKnownFileType = "wrapper.pb-project"; name = Swifter.xcodeproj; path = "Swifter-1.5/Swifter.xcodeproj"; sourceTree = "<group>"; };
		62A07D451B1E9DC3001F6916 /* Alamofire.framework */ = {isa = PBXFileReference; lastKnownFileType = wrapper.framework; name = Alamofire.framework; path = Carthage/Build/iOS/Alamofire.framework; sourceTree = SOURCE_ROOT; };
		62A07D461B1E9DC3001F6916 /* OMGHTTPURLRQ.framework */ = {isa = PBXFileReference; lastKnownFileType = wrapper.framework; name = OMGHTTPURLRQ.framework; path = Carthage/Build/iOS/OMGHTTPURLRQ.framework; sourceTree = SOURCE_ROOT; };
		62A07D471B1E9DC3001F6916 /* PromiseKit.framework */ = {isa = PBXFileReference; lastKnownFileType = wrapper.framework; name = PromiseKit.framework; path = Carthage/Build/iOS/PromiseKit.framework; sourceTree = SOURCE_ROOT; };
		62D4385A1B1FFE0900B29312 /* TwitterKeys.plist */ = {isa = PBXFileReference; fileEncoding = 4; lastKnownFileType = text.plist.xml; path = TwitterKeys.plist; sourceTree = "<group>"; };
		62D438601B200A8500B29312 /* TwitterMetrics.swift */ = {isa = PBXFileReference; fileEncoding = 4; lastKnownFileType = sourcecode.swift; path = TwitterMetrics.swift; sourceTree = "<group>"; };
/* End PBXFileReference section */

/* Begin PBXFrameworksBuildPhase section */
		623AD4641A74D67900678EFF /* Frameworks */ = {
			isa = PBXFrameworksBuildPhase;
			buildActionMask = 2147483647;
			files = (
				62A07D491B1E9DC3001F6916 /* OMGHTTPURLRQ.framework in Frameworks */,
				62A07D4B1B1EC4B6001F6916 /* PromiseKit.framework in Frameworks */,
				62A07D4D1B1EC4C1001F6916 /* Alamofire.framework in Frameworks */,
			);
			runOnlyForDeploymentPostprocessing = 0;
		};
		623AD4791A74D67900678EFF /* Frameworks */ = {
			isa = PBXFrameworksBuildPhase;
			buildActionMask = 2147483647;
			files = (
			);
			runOnlyForDeploymentPostprocessing = 0;
		};
/* End PBXFrameworksBuildPhase section */

/* Begin PBXGroup section */
		623AD45E1A74D67900678EFF = {
			isa = PBXGroup;
			children = (
				623AD4691A74D67900678EFF /* TwitterLivestreamSwift */,
				623AD47F1A74D67900678EFF /* TwitterLivestreamSwiftTests */,
				623AD4681A74D67900678EFF /* Products */,
			);
			sourceTree = "<group>";
		};
		623AD4681A74D67900678EFF /* Products */ = {
			isa = PBXGroup;
			children = (
				623AD4671A74D67900678EFF /* TwitterLivestreamSwift.app */,
				623AD47C1A74D67900678EFF /* TwitterLivestreamSwiftTests.xctest */,
			);
			name = Products;
			sourceTree = "<group>";
		};
		623AD4691A74D67900678EFF /* TwitterLivestreamSwift */ = {
			isa = PBXGroup;
			children = (
				6274B2B81A76CCEC0010BC8A /* Clients */,
				6274B2A71A76A4000010BC8A /* Views */,
				623AD4A61A753B4200678EFF /* Libraries */,
				623AD46C1A74D67900678EFF /* AppDelegate.swift */,
				623AD46E1A74D67900678EFF /* ViewController.swift */,
				623AD4701A74D67900678EFF /* Main.storyboard */,
				623AD4731A74D67900678EFF /* Images.xcassets */,
				623AD4751A74D67900678EFF /* LaunchScreen.xib */,
				623AD46A1A74D67900678EFF /* Supporting Files */,
				6274B2A31A7542170010BC8A /* Tweet.swift */,
				6274B2BD1A7701F30010BC8A /* TweetFilters.swift */,
				6274B2A51A76A16B0010BC8A /* User.swift */,
			);
			path = TwitterLivestreamSwift;
			sourceTree = "<group>";
		};
		623AD46A1A74D67900678EFF /* Supporting Files */ = {
			isa = PBXGroup;
			children = (
				623AD46B1A74D67900678EFF /* Info.plist */,
				62D4385A1B1FFE0900B29312 /* TwitterKeys.plist */,
			);
			name = "Supporting Files";
			sourceTree = "<group>";
		};
		623AD47F1A74D67900678EFF /* TwitterLivestreamSwiftTests */ = {
			isa = PBXGroup;
			children = (
				623AD4821A74D67900678EFF /* TwitterLivestreamSwiftTests.swift */,
				623AD4801A74D67900678EFF /* Supporting Files */,
			);
			path = TwitterLivestreamSwiftTests;
			sourceTree = "<group>";
		};
		623AD4801A74D67900678EFF /* Supporting Files */ = {
			isa = PBXGroup;
			children = (
				623AD4811A74D67900678EFF /* Info.plist */,
			);
			name = "Supporting Files";
			sourceTree = "<group>";
		};
		623AD4A61A753B4200678EFF /* Libraries */ = {
			isa = PBXGroup;
			children = (
				62A07D451B1E9DC3001F6916 /* Alamofire.framework */,
				62A07D461B1E9DC3001F6916 /* OMGHTTPURLRQ.framework */,
				62A07D471B1E9DC3001F6916 /* PromiseKit.framework */,
				62A07D2F1B1E9C5C001F6916 /* Swifter.xcodeproj */,
			);
			path = Libraries;
			sourceTree = SOURCE_ROOT;
		};
		6274B2A71A76A4000010BC8A /* Views */ = {
			isa = PBXGroup;
			children = (
				6274B2A81A76A41B0010BC8A /* TweetTableViewCell.swift */,
			);
			path = Views;
			sourceTree = "<group>";
		};
		6274B2B81A76CCEC0010BC8A /* Clients */ = {
			isa = PBXGroup;
			children = (
				6274B2B91A76CCEC0010BC8A /* TwitterClient.swift */,
				6274B2BB1A76CCF90010BC8A /* ImageDownload.swift */,
				62D438601B200A8500B29312 /* TwitterMetrics.swift */,
			);
			path = Clients;
			sourceTree = "<group>";
		};
		62A07D301B1E9C5C001F6916 /* Products */ = {
			isa = PBXGroup;
			children = (
				62A07D381B1E9C5D001F6916 /* SwifterDemoiOS.app */,
				62A07D3A1B1E9C5D001F6916 /* SwifteriOS.framework */,
				62A07D3C1B1E9C5D001F6916 /* SwifterMac.framework */,
				62A07D3E1B1E9C5D001F6916 /* SwifterDemoMac.app */,
				62A07D401B1E9C5D001F6916 /* SwifterDemoMacTests.xctest */,
			);
			name = Products;
			sourceTree = "<group>";
		};
/* End PBXGroup section */

/* Begin PBXNativeTarget section */
		623AD4661A74D67900678EFF /* TwitterLivestreamSwift */ = {
			isa = PBXNativeTarget;
			buildConfigurationList = 623AD4861A74D67900678EFF /* Build configuration list for PBXNativeTarget "TwitterLivestreamSwift" */;
			buildPhases = (
				623AD4631A74D67900678EFF /* Sources */,
				623AD4641A74D67900678EFF /* Frameworks */,
				623AD4651A74D67900678EFF /* Resources */,
				623AD4A31A74DD2500678EFF /* Embed Frameworks */,
			);
			buildRules = (
			);
			dependencies = (
				62A07D441B1E9C69001F6916 /* PBXTargetDependency */,
			);
			name = TwitterLivestreamSwift;
			productName = TwitterLivestreamSwift;
			productReference = 623AD4671A74D67900678EFF /* TwitterLivestreamSwift.app */;
			productType = "com.apple.product-type.application";
		};
		623AD47B1A74D67900678EFF /* TwitterLivestreamSwiftTests */ = {
			isa = PBXNativeTarget;
			buildConfigurationList = 623AD4891A74D67900678EFF /* Build configuration list for PBXNativeTarget "TwitterLivestreamSwiftTests" */;
			buildPhases = (
				623AD4781A74D67900678EFF /* Sources */,
				623AD4791A74D67900678EFF /* Frameworks */,
				623AD47A1A74D67900678EFF /* Resources */,
			);
			buildRules = (
			);
			dependencies = (
				623AD47E1A74D67900678EFF /* PBXTargetDependency */,
			);
			name = TwitterLivestreamSwiftTests;
			productName = TwitterLivestreamSwiftTests;
			productReference = 623AD47C1A74D67900678EFF /* TwitterLivestreamSwiftTests.xctest */;
			productType = "com.apple.product-type.bundle.unit-test";
		};
/* End PBXNativeTarget section */

/* Begin PBXProject section */
		623AD45F1A74D67900678EFF /* Project object */ = {
			isa = PBXProject;
			attributes = {
				LastUpgradeCheck = 0610;
				ORGANIZATIONNAME = "Benjamin Encz";
				TargetAttributes = {
					623AD4661A74D67900678EFF = {
						CreatedOnToolsVersion = 6.1.1;
					};
					623AD47B1A74D67900678EFF = {
						CreatedOnToolsVersion = 6.1.1;
						TestTargetID = 623AD4661A74D67900678EFF;
					};
				};
			};
			buildConfigurationList = 623AD4621A74D67900678EFF /* Build configuration list for PBXProject "TwitterLivestreamSwift" */;
			compatibilityVersion = "Xcode 3.2";
			developmentRegion = English;
			hasScannedForEncodings = 0;
			knownRegions = (
				en,
				Base,
			);
			mainGroup = 623AD45E1A74D67900678EFF;
			productRefGroup = 623AD4681A74D67900678EFF /* Products */;
			projectDirPath = "";
			projectReferences = (
				{
					ProductGroup = 62A07D301B1E9C5C001F6916 /* Products */;
					ProjectRef = 62A07D2F1B1E9C5C001F6916 /* Swifter.xcodeproj */;
				},
			);
			projectRoot = "";
			targets = (
				623AD4661A74D67900678EFF /* TwitterLivestreamSwift */,
				623AD47B1A74D67900678EFF /* TwitterLivestreamSwiftTests */,
			);
		};
/* End PBXProject section */

/* Begin PBXReferenceProxy section */
		62A07D381B1E9C5D001F6916 /* SwifterDemoiOS.app */ = {
			isa = PBXReferenceProxy;
			fileType = wrapper.application;
			path = SwifterDemoiOS.app;
			remoteRef = 62A07D371B1E9C5D001F6916 /* PBXContainerItemProxy */;
			sourceTree = BUILT_PRODUCTS_DIR;
		};
		62A07D3A1B1E9C5D001F6916 /* SwifteriOS.framework */ = {
			isa = PBXReferenceProxy;
			fileType = wrapper.framework;
			path = SwifteriOS.framework;
			remoteRef = 62A07D391B1E9C5D001F6916 /* PBXContainerItemProxy */;
			sourceTree = BUILT_PRODUCTS_DIR;
		};
		62A07D3C1B1E9C5D001F6916 /* SwifterMac.framework */ = {
			isa = PBXReferenceProxy;
			fileType = wrapper.framework;
			path = SwifterMac.framework;
			remoteRef = 62A07D3B1B1E9C5D001F6916 /* PBXContainerItemProxy */;
			sourceTree = BUILT_PRODUCTS_DIR;
		};
		62A07D3E1B1E9C5D001F6916 /* SwifterDemoMac.app */ = {
			isa = PBXReferenceProxy;
			fileType = wrapper.application;
			path = SwifterDemoMac.app;
			remoteRef = 62A07D3D1B1E9C5D001F6916 /* PBXContainerItemProxy */;
			sourceTree = BUILT_PRODUCTS_DIR;
		};
		62A07D401B1E9C5D001F6916 /* SwifterDemoMacTests.xctest */ = {
			isa = PBXReferenceProxy;
			fileType = wrapper.cfbundle;
			path = SwifterDemoMacTests.xctest;
			remoteRef = 62A07D3F1B1E9C5D001F6916 /* PBXContainerItemProxy */;
			sourceTree = BUILT_PRODUCTS_DIR;
		};
/* End PBXReferenceProxy section */

/* Begin PBXResourcesBuildPhase section */
		623AD4651A74D67900678EFF /* Resources */ = {
			isa = PBXResourcesBuildPhase;
			buildActionMask = 2147483647;
			files = (
				623AD6101A7540F000678EFF /* LaunchScreen.xib in Resources */,
				623AD60F1A7540EB00678EFF /* Main.storyboard in Resources */,
				62D4385B1B1FFE0900B29312 /* TwitterKeys.plist in Resources */,
				623AD4741A74D67900678EFF /* Images.xcassets in Resources */,
			);
			runOnlyForDeploymentPostprocessing = 0;
		};
		623AD47A1A74D67900678EFF /* Resources */ = {
			isa = PBXResourcesBuildPhase;
			buildActionMask = 2147483647;
			files = (
			);
			runOnlyForDeploymentPostprocessing = 0;
		};
/* End PBXResourcesBuildPhase section */

/* Begin PBXSourcesBuildPhase section */
		623AD4631A74D67900678EFF /* Sources */ = {
			isa = PBXSourcesBuildPhase;
			buildActionMask = 2147483647;
			files = (
				623AD5E71A75404B00678EFF /* AppDelegate.swift in Sources */,
				623AD5E81A75404B00678EFF /* ViewController.swift in Sources */,
				6274B2A61A76A16B0010BC8A /* User.swift in Sources */,
				6274B2BC1A76CCF90010BC8A /* ImageDownload.swift in Sources */,
				6274B2A41A7542170010BC8A /* Tweet.swift in Sources */,
				6274B2BA1A76CCEC0010BC8A /* TwitterClient.swift in Sources */,
				6274B2A91A76A41B0010BC8A /* TweetTableViewCell.swift in Sources */,
				62D438611B200A8500B29312 /* TwitterMetrics.swift in Sources */,
				6274B2BE1A7701F30010BC8A /* TweetFilters.swift in Sources */,
			);
			runOnlyForDeploymentPostprocessing = 0;
		};
		623AD4781A74D67900678EFF /* Sources */ = {
			isa = PBXSourcesBuildPhase;
			buildActionMask = 2147483647;
			files = (
				623AD4831A74D67900678EFF /* TwitterLivestreamSwiftTests.swift in Sources */,
			);
			runOnlyForDeploymentPostprocessing = 0;
		};
/* End PBXSourcesBuildPhase section */

/* Begin PBXTargetDependency section */
		623AD47E1A74D67900678EFF /* PBXTargetDependency */ = {
			isa = PBXTargetDependency;
			target = 623AD4661A74D67900678EFF /* TwitterLivestreamSwift */;
			targetProxy = 623AD47D1A74D67900678EFF /* PBXContainerItemProxy */;
		};
		62A07D441B1E9C69001F6916 /* PBXTargetDependency */ = {
			isa = PBXTargetDependency;
			name = SwifteriOS;
			targetProxy = 62A07D431B1E9C69001F6916 /* PBXContainerItemProxy */;
		};
/* End PBXTargetDependency section */

/* Begin PBXVariantGroup section */
		623AD4701A74D67900678EFF /* Main.storyboard */ = {
			isa = PBXVariantGroup;
			children = (
				623AD4711A74D67900678EFF /* Base */,
			);
			name = Main.storyboard;
			sourceTree = "<group>";
		};
		623AD4751A74D67900678EFF /* LaunchScreen.xib */ = {
			isa = PBXVariantGroup;
			children = (
				623AD4761A74D67900678EFF /* Base */,
			);
			name = LaunchScreen.xib;
			sourceTree = "<group>";
		};
/* End PBXVariantGroup section */

/* Begin XCBuildConfiguration section */
		623AD4841A74D67900678EFF /* Debug */ = {
			isa = XCBuildConfiguration;
			buildSettings = {
				ALWAYS_SEARCH_USER_PATHS = NO;
				CLANG_CXX_LANGUAGE_STANDARD = "gnu++0x";
				CLANG_CXX_LIBRARY = "libc++";
				CLANG_ENABLE_MODULES = YES;
				CLANG_ENABLE_OBJC_ARC = YES;
				CLANG_WARN_BOOL_CONVERSION = YES;
				CLANG_WARN_CONSTANT_CONVERSION = YES;
				CLANG_WARN_DIRECT_OBJC_ISA_USAGE = YES_ERROR;
				CLANG_WARN_EMPTY_BODY = YES;
				CLANG_WARN_ENUM_CONVERSION = YES;
				CLANG_WARN_INT_CONVERSION = YES;
				CLANG_WARN_OBJC_ROOT_CLASS = YES_ERROR;
				CLANG_WARN_UNREACHABLE_CODE = YES;
				CLANG_WARN__DUPLICATE_METHOD_MATCH = YES;
				"CODE_SIGN_IDENTITY[sdk=iphoneos*]" = "iPhone Developer";
				COPY_PHASE_STRIP = NO;
				ENABLE_STRICT_OBJC_MSGSEND = YES;
				GCC_C_LANGUAGE_STANDARD = gnu99;
				GCC_DYNAMIC_NO_PIC = NO;
				GCC_OPTIMIZATION_LEVEL = 0;
				GCC_PREPROCESSOR_DEFINITIONS = (
					"DEBUG=1",
					"$(inherited)",
				);
				GCC_SYMBOLS_PRIVATE_EXTERN = NO;
				GCC_WARN_64_TO_32_BIT_CONVERSION = YES;
				GCC_WARN_ABOUT_RETURN_TYPE = YES_ERROR;
				GCC_WARN_UNDECLARED_SELECTOR = YES;
				GCC_WARN_UNINITIALIZED_AUTOS = YES_AGGRESSIVE;
				GCC_WARN_UNUSED_FUNCTION = YES;
				GCC_WARN_UNUSED_VARIABLE = YES;
				IPHONEOS_DEPLOYMENT_TARGET = 8.1;
				MTL_ENABLE_DEBUG_INFO = YES;
				ONLY_ACTIVE_ARCH = YES;
				SDKROOT = iphoneos;
				SWIFT_OPTIMIZATION_LEVEL = "-Onone";
				TARGETED_DEVICE_FAMILY = "1,2";
			};
			name = Debug;
		};
		623AD4851A74D67900678EFF /* Release */ = {
			isa = XCBuildConfiguration;
			buildSettings = {
				ALWAYS_SEARCH_USER_PATHS = NO;
				CLANG_CXX_LANGUAGE_STANDARD = "gnu++0x";
				CLANG_CXX_LIBRARY = "libc++";
				CLANG_ENABLE_MODULES = YES;
				CLANG_ENABLE_OBJC_ARC = YES;
				CLANG_WARN_BOOL_CONVERSION = YES;
				CLANG_WARN_CONSTANT_CONVERSION = YES;
				CLANG_WARN_DIRECT_OBJC_ISA_USAGE = YES_ERROR;
				CLANG_WARN_EMPTY_BODY = YES;
				CLANG_WARN_ENUM_CONVERSION = YES;
				CLANG_WARN_INT_CONVERSION = YES;
				CLANG_WARN_OBJC_ROOT_CLASS = YES_ERROR;
				CLANG_WARN_UNREACHABLE_CODE = YES;
				CLANG_WARN__DUPLICATE_METHOD_MATCH = YES;
				"CODE_SIGN_IDENTITY[sdk=iphoneos*]" = "iPhone Developer";
				COPY_PHASE_STRIP = YES;
				ENABLE_NS_ASSERTIONS = NO;
				ENABLE_STRICT_OBJC_MSGSEND = YES;
				GCC_C_LANGUAGE_STANDARD = gnu99;
				GCC_WARN_64_TO_32_BIT_CONVERSION = YES;
				GCC_WARN_ABOUT_RETURN_TYPE = YES_ERROR;
				GCC_WARN_UNDECLARED_SELECTOR = YES;
				GCC_WARN_UNINITIALIZED_AUTOS = YES_AGGRESSIVE;
				GCC_WARN_UNUSED_FUNCTION = YES;
				GCC_WARN_UNUSED_VARIABLE = YES;
				IPHONEOS_DEPLOYMENT_TARGET = 8.1;
				MTL_ENABLE_DEBUG_INFO = NO;
				SDKROOT = iphoneos;
				TARGETED_DEVICE_FAMILY = "1,2";
				VALIDATE_PRODUCT = YES;
			};
			name = Release;
		};
		623AD4871A74D67900678EFF /* Debug */ = {
			isa = XCBuildConfiguration;
			buildSettings = {
				ASSETCATALOG_COMPILER_APPICON_NAME = AppIcon;
				FRAMEWORK_SEARCH_PATHS = (
					"$(inherited)",
					"$(PROJECT_DIR)/Carthage/Build/iOS",
				);
				INFOPLIST_FILE = TwitterLivestreamSwift/Info.plist;
				LD_RUNPATH_SEARCH_PATHS = "$(inherited) @executable_path/Frameworks";
				PRODUCT_NAME = "$(TARGET_NAME)";
			};
			name = Debug;
		};
		623AD4881A74D67900678EFF /* Release */ = {
			isa = XCBuildConfiguration;
			buildSettings = {
				ASSETCATALOG_COMPILER_APPICON_NAME = AppIcon;
				FRAMEWORK_SEARCH_PATHS = (
					"$(inherited)",
					"$(PROJECT_DIR)/Carthage/Build/iOS",
				);
				INFOPLIST_FILE = TwitterLivestreamSwift/Info.plist;
				LD_RUNPATH_SEARCH_PATHS = "$(inherited) @executable_path/Frameworks";
				PRODUCT_NAME = "$(TARGET_NAME)";
			};
			name = Release;
		};
		623AD48A1A74D67900678EFF /* Debug */ = {
			isa = XCBuildConfiguration;
			buildSettings = {
				BUNDLE_LOADER = "$(TEST_HOST)";
				FRAMEWORK_SEARCH_PATHS = (
					"$(SDKROOT)/Developer/Library/Frameworks",
					"$(inherited)",
				);
				GCC_PREPROCESSOR_DEFINITIONS = (
					"DEBUG=1",
					"$(inherited)",
				);
				INFOPLIST_FILE = TwitterLivestreamSwiftTests/Info.plist;
				LD_RUNPATH_SEARCH_PATHS = "$(inherited) @executable_path/Frameworks @loader_path/Frameworks";
				PRODUCT_NAME = "$(TARGET_NAME)";
				TEST_HOST = "$(BUILT_PRODUCTS_DIR)/TwitterLivestreamSwift.app/TwitterLivestreamSwift";
			};
			name = Debug;
		};
		623AD48B1A74D67900678EFF /* Release */ = {
			isa = XCBuildConfiguration;
			buildSettings = {
				BUNDLE_LOADER = "$(TEST_HOST)";
				FRAMEWORK_SEARCH_PATHS = (
					"$(SDKROOT)/Developer/Library/Frameworks",
					"$(inherited)",
				);
				INFOPLIST_FILE = TwitterLivestreamSwiftTests/Info.plist;
				LD_RUNPATH_SEARCH_PATHS = "$(inherited) @executable_path/Frameworks @loader_path/Frameworks";
				PRODUCT_NAME = "$(TARGET_NAME)";
				TEST_HOST = "$(BUILT_PRODUCTS_DIR)/TwitterLivestreamSwift.app/TwitterLivestreamSwift";
			};
			name = Release;
		};
/* End XCBuildConfiguration section */

/* Begin XCConfigurationList section */
		623AD4621A74D67900678EFF /* Build configuration list for PBXProject "TwitterLivestreamSwift" */ = {
			isa = XCConfigurationList;
			buildConfigurations = (
				623AD4841A74D67900678EFF /* Debug */,
				623AD4851A74D67900678EFF /* Release */,
			);
			defaultConfigurationIsVisible = 0;
			defaultConfigurationName = Release;
		};
		623AD4861A74D67900678EFF /* Build configuration list for PBXNativeTarget "TwitterLivestreamSwift" */ = {
			isa = XCConfigurationList;
			buildConfigurations = (
				623AD4871A74D67900678EFF /* Debug */,
				623AD4881A74D67900678EFF /* Release */,
			);
			defaultConfigurationIsVisible = 0;
			defaultConfigurationName = Release;
		};
		623AD4891A74D67900678EFF /* Build configuration list for PBXNativeTarget "TwitterLivestreamSwiftTests" */ = {
			isa = XCConfigurationList;
			buildConfigurations = (
				623AD48A1A74D67900678EFF /* Debug */,
				623AD48B1A74D67900678EFF /* Release */,
			);
			defaultConfigurationIsVisible = 0;
			defaultConfigurationName = Release;
		};
/* End XCConfigurationList section */
	};
	rootObject = 623AD45F1A74D67900678EFF /* Project object */;
}
